
Microsoft Visual Studio Solution File, Format Version 12.00
# Visual Studio Version 17
VisualStudioVersion = 17.1.32407.343
MinimumVisualStudioVersion = 10.0.40219.1
Project("{9A19103F-16F7-4668-BE54-9A1E7A4F7556}") = "MyTest.Web", "MyTest.Web\MyTest.Web.csproj", "{08EF0D00-0FF4-4472-9705-CA4CE0A14C88}"
EndProject
Project("{9A19103F-16F7-4668-BE54-9A1E7A4F7556}") = "MyTest.Model", "MyTest.Model\MyTest.Model.csproj", "{B4705E2C-D801-4B15-98D7-5A3420B43EA1}"
EndProject
Project("{9A19103F-16F7-4668-BE54-9A1E7A4F7556}") = "MyTest.Data", "MyTest.Data\MyTest.Data.csproj", "{03E46D58-B8A7-4B4D-BC32-CF15EB1638D4}"
EndProject
Global
	GlobalSection(SolutionConfigurationPlatforms) = preSolution
		Debug|Any CPU = Debug|Any CPU
		Release|Any CPU = Release|Any CPU
	EndGlobalSection
	GlobalSection(ProjectConfigurationPlatforms) = postSolution
		{08EF0D00-0FF4-4472-9705-CA4CE0A14C88}.Debug|Any CPU.ActiveCfg = Debug|Any CPU
		{08EF0D00-0FF4-4472-9705-CA4CE0A14C88}.Debug|Any CPU.Build.0 = Debug|Any CPU
		{08EF0D00-0FF4-4472-9705-CA4CE0A14C88}.Release|Any CPU.ActiveCfg = Release|Any CPU
		{08EF0D00-0FF4-4472-9705-CA4CE0A14C88}.Release|Any CPU.Build.0 = Release|Any CPU
		{B4705E2C-D801-4B15-98D7-5A3420B43EA1}.Debug|Any CPU.ActiveCfg = Debug|Any CPU
		{B4705E2C-D801-4B15-98D7-5A3420B43EA1}.Debug|Any CPU.Build.0 = Debug|Any CPU
		{B4705E2C-D801-4B15-98D7-5A3420B43EA1}.Release|Any CPU.ActiveCfg = Release|Any CPU
		{B4705E2C-D801-4B15-98D7-5A3420B43EA1}.Release|Any CPU.Build.0 = Release|Any CPU
		{03E46D58-B8A7-4B4D-BC32-CF15EB1638D4}.Debug|Any CPU.ActiveCfg = Debug|Any CPU
		{03E46D58-B8A7-4B4D-BC32-CF15EB1638D4}.Debug|Any CPU.Build.0 = Debug|Any CPU
		{03E46D58-B8A7-4B4D-BC32-CF15EB1638D4}.Release|Any CPU.ActiveCfg = Release|Any CPU
		{03E46D58-B8A7-4B4D-BC32-CF15EB1638D4}.Release|Any CPU.Build.0 = Release|Any CPU
	EndGlobalSection
	GlobalSection(SolutionProperties) = preSolution
		HideSolutionNode = FALSE
	EndGlobalSection
	GlobalSection(ExtensibilityGlobals) = postSolution
		SolutionGuid = {FECE62FC-697A-4EB0-AD4A-B0F4A1A8B93C}
	EndGlobalSection
EndGlobal
